
Microsoft Visual Studio Solution File, Format Version 12.00
# Visual Studio Version 16
VisualStudioVersion = 16.0.31613.86
MinimumVisualStudioVersion = 10.0.40219.1
Project("{FAE04EC0-301F-11D3-BF4B-00C04F79EFBC}") = "PIL_Fantasy_Data_Integration.API", "PIL_Fantasy_Data_Integration.API\PIL_Fantasy_Data_Integration.API.csproj", "{7B36B65E-46B8-4272-85EA-8EDEC5426DA4}"
EndProject
Project("{E53339B2-1760-4266-BCC7-CA923CBCF16C}") = "docker-compose", "docker-compose.dcproj", "{A48B4E4E-EFCF-4FB2-9251-1A2663CA1774}"
EndProject
Global
	GlobalSection(SolutionConfigurationPlatforms) = preSolution
		Debug|Any CPU = Debug|Any CPU
		Release|Any CPU = Release|Any CPU
	EndGlobalSection
	GlobalSection(ProjectConfigurationPlatforms) = postSolution
		{7B36B65E-46B8-4272-85EA-8EDEC5426DA4}.Debug|Any CPU.ActiveCfg = Debug|Any CPU
		{7B36B65E-46B8-4272-85EA-8EDEC5426DA4}.Debug|Any CPU.Build.0 = Debug|Any CPU
		{7B36B65E-46B8-4272-85EA-8EDEC5426DA4}.Release|Any CPU.ActiveCfg = Release|Any CPU
		{7B36B65E-46B8-4272-85EA-8EDEC5426DA4}.Release|Any CPU.Build.0 = Release|Any CPU
		{A48B4E4E-EFCF-4FB2-9251-1A2663CA1774}.Debug|Any CPU.ActiveCfg = Debug|Any CPU
		{A48B4E4E-EFCF-4FB2-9251-1A2663CA1774}.Debug|Any CPU.Build.0 = Debug|Any CPU
		{A48B4E4E-EFCF-4FB2-9251-1A2663CA1774}.Release|Any CPU.ActiveCfg = Release|Any CPU
		{A48B4E4E-EFCF-4FB2-9251-1A2663CA1774}.Release|Any CPU.Build.0 = Release|Any CPU
	EndGlobalSection
	GlobalSection(SolutionProperties) = preSolution
		HideSolutionNode = FALSE
	EndGlobalSection
	GlobalSection(ExtensibilityGlobals) = postSolution
		SolutionGuid = {4C62DBAA-FF5D-4E09-8EA2-7B4A40688DB7}
	EndGlobalSection
EndGlobal
